
Microsoft Visual Studio Solution File, Format Version 12.00
# Visual Studio Version 16
VisualStudioVersion = 16.0.31005.135
MinimumVisualStudioVersion = 10.0.40219.1
Project("{FAE04EC0-301F-11D3-BF4B-00C04F79EFBC}") = "Работа с флагами", "Работа с флагами\Работа с флагами.csproj", "{11DA46E3-62D7-47A9-B7F3-C2565BC90B90}"
EndProject
Project("{FAE04EC0-301F-11D3-BF4B-00C04F79EFBC}") = "ООП. Наследование и полиморфизм", "ООП. Наследование и полиморфизм\ООП. Наследование и полиморфизм.csproj", "{0EB3B9DD-6340-4F56-862F-0F1B0055EB09}"
EndProject
Global
	GlobalSection(SolutionConfigurationPlatforms) = preSolution
		Debug|Any CPU = Debug|Any CPU
		Release|Any CPU = Release|Any CPU
	EndGlobalSection
	GlobalSection(ProjectConfigurationPlatforms) = postSolution
		{11DA46E3-62D7-47A9-B7F3-C2565BC90B90}.Debug|Any CPU.ActiveCfg = Debug|Any CPU
		{11DA46E3-62D7-47A9-B7F3-C2565BC90B90}.Debug|Any CPU.Build.0 = Debug|Any CPU
		{11DA46E3-62D7-47A9-B7F3-C2565BC90B90}.Release|Any CPU.ActiveCfg = Release|Any CPU
		{11DA46E3-62D7-47A9-B7F3-C2565BC90B90}.Release|Any CPU.Build.0 = Release|Any CPU
		{0EB3B9DD-6340-4F56-862F-0F1B0055EB09}.Debug|Any CPU.ActiveCfg = Debug|Any CPU
		{0EB3B9DD-6340-4F56-862F-0F1B0055EB09}.Debug|Any CPU.Build.0 = Debug|Any CPU
		{0EB3B9DD-6340-4F56-862F-0F1B0055EB09}.Release|Any CPU.ActiveCfg = Release|Any CPU
		{0EB3B9DD-6340-4F56-862F-0F1B0055EB09}.Release|Any CPU.Build.0 = Release|Any CPU
	EndGlobalSection
	GlobalSection(SolutionProperties) = preSolution
		HideSolutionNode = FALSE
	EndGlobalSection
	GlobalSection(ExtensibilityGlobals) = postSolution
		SolutionGuid = {7285D936-E670-4C65-A550-209B50E213B4}
	EndGlobalSection
EndGlobal
